{
  "nodes": {
    "bibata-material-cursors-Dark": {
      "flake": false,
      "locked": {
        "lastModified": 1787114969,
        "narHash": "sha256-iVWEzRndGfhvRQEEeCczQZi3KJ+9DYxNpIqn+wEGfSo=",
        "type": "tarball",
        "url": "https://github.com/SakibShahariar/material-bibata-cursor/releases/download/v1.3.0/bibata-material-dark-v1.3.0.tar.gz"
      },
      "original": {
        "type": "tarball",
        "url": "https://github.com/SakibShahariar/material-bibata-cursor/releases/download/v1.3.0/bibata-material-dark-v1.3.0.tar.gz"
      }
    },
    "bibata-material-cursors-Light": {
      "flake": false,
      "locked": {
        "lastModified": 1787114981,
        "narHash": "sha256-9O+xhGFASrpabkKrks/KxbacxHUMT7GDVoSJ4E+m3nw=",
        "type": "tarball",
        "url": "https://github.com/SakibShahariar/material-bibata-cursor/releases/download/v1.3.0/bibata-material-light-v1.3.0.tar.gz"
      },
      "original": {
        "type": "tarball",
        "url": "https://github.com/SakibShahariar/material-bibata-cursor/releases/download/v1.3.0/bibata-material-light-v1.3.0.tar.gz"
      }
    },
    "chromaleon": {
      "flake": false,
      "locked": {
        "lastModified": 1790888539,
        "narHash": "sha256-eS4hGhn0jSK4BDovf71m8PWtnA5QwOuLRSOb5jkpafU=",
        "type": "tarball",
        "url": "https://github.com/Fabito02/ChromaLeon/releases/latest/download/user-accent-colors@fabito02.shell-extension.zip"
      },
      "original": {
        "type": "tarball",
        "url": "https://github.com/Fabito02/ChromaLeon/releases/latest/download/user-accent-colors@fabito02.shell-extension.zip"
      }
    },
    "chromaleon-preload": {
      "flake": false,
      "locked": {
        "lastModified": 1790814003,
        "narHash": "sha256-s4LiUdGtZIc55bGgnStgtCDKOG+dUe6hOL1C5QPfY+A=",
        "owner": "Fabito02",
        "repo": "chromaleon-preload",
        "rev": "e40efa0b308743f6eb51b23f66dd6e3ec6031521",
        "type": "github"
      },
      "original": {
        "owner": "Fabito02",
        "repo": "chromaleon-preload",
        "type": "github"
      }
    },
    "dryboil": {
      "inputs": {
        "bibata-material-cursors-Dark": "bibata-material-cursors-Dark",
        "bibata-material-cursors-Light": "bibata-material-cursors-Light",
        "chromaleon": "chromaleon",
        "chromaleon-preload": "chromaleon-preload",
        "fish-format": "fish-format",
        "fish-helpText": "fish-helpText",
        "fish-nixenv": "fish-nixenv",
        "fish-subAbbr": [
          "fish-subAbbr"
        ],
        "flake-parts": [
          "omniflake",
          "flake-parts"
        ],
        "gnome-improved-media-controls": "gnome-improved-media-controls",
        "gotohp": "gotohp",
        "mosaic-wm": "mosaic-wm",
        "nixpkgs": [
          "nixpkgs"
        ]
      },
      "locked": {
        "lastModified": 1790907129,
        "narHash": "sha256-/j7OClkaf4B0IsUnPCMP41P+D7/zs2ciH9beXHkO490=",
        "owner": "drazape",
        "repo": "nix-dryboil",
        "rev": "3da4791fad239726822ac8ad52bca120374518f9",
        "type": "github"
      },
      "original": {
        "owner": "drazape",
        "ref": "alpha",
        "repo": "nix-dryboil",
        "type": "github"
      }
    },
    "fish-format": {
      "inputs": {
        "flake-parts": [
          "dryboil",
          "flake-parts"
        ],
        "nixpkgs": [
          "dryboil",
          "nixpkgs"
        ]
      },
      "locked": {
        "lastModified": 1790486861,
        "narHash": "sha256-z+VmeTXE1h57NIDvfwrUkTK6PpQIci+FNFR/1MaEsK4=",
        "owner": "Drazape",
        "repo": "fish-format",
        "rev": "2f31bf305b649f1550c9542461f336edc9311d45",
        "type": "github"
      },
      "original": {
        "owner": "Drazape",
        "repo": "fish-format",
        "type": "github"
      }
    },
    "fish-helpText": {
      "inputs": {
        "flake-parts": [
          "dryboil",
          "flake-parts"
        ],
        "nixpkgs": [
          "dryboil",
          "nixpkgs"
        ]
      },
      "locked": {
        "lastModified": 1790486889,
        "narHash": "sha256-I788tCmH7ml0aqtr9EbsPQ1CuAsWFtArRDkdb2jarAU=",
        "owner": "Drazape",
        "repo": "fish-helpText",
        "rev": "21e0e602ae61722d689cefd24c905c8aef19afc6",
        "type": "github"
      },
      "original": {
        "owner": "Drazape",
        "repo": "fish-helpText",
        "type": "github"
      }
    },
    "fish-helpText_2": {
      "inputs": {
        "flake-parts": [
          "fish-subAbbr",
          "flake-parts"
        ],
        "nixpkgs": [
          "fish-subAbbr",
          "nixpkgs"
        ]
      },
      "locked": {
        "lastModified": 1790486889,
        "narHash": "sha256-I788tCmH7ml0aqtr9EbsPQ1CuAsWFtArRDkdb2jarAU=",
        "owner": "Drazape",
        "repo": "fish-helpText",
        "rev": "21e0e602ae61722d689cefd24c905c8aef19afc6",
        "type": "github"
      },
      "original": {
        "owner": "Drazape",
        "repo": "fish-helpText",
        "type": "github"
      }
    },
    "fish-nixenv": {
      "inputs": {
        "flake-parts": [
          "dryboil",
          "flake-parts"
        ],
        "nixpkgs": [
          "dryboil",
          "nixpkgs"
        ]
      },
      "locked": {
        "lastModified": 1790486904,
        "narHash": "sha256-f6MwGw9x7EXDQEXTMrnYuO5hSKx1ztkU+0qJTuNFoGM=",
        "owner": "Drazape",
        "repo": "fish-nixenv",
        "rev": "a96d0ad14a755b7fa5b30e8c43e1b02011864c9b",
        "type": "github"
      },
      "original": {
        "owner": "Drazape",
        "repo": "fish-nixenv",
        "type": "github"
      }
    },
    "fish-subAbbr": {
      "inputs": {
        "fish-format": [
          "dryboil",
          "fish-format"
        ],
        "fish-helpText": "fish-helpText_2",
        "flake-parts": [
          "omniflake",
          "flake-parts"
        ],
        "nixpkgs": [
          "nixpkgs"
        ]
      },
      "locked": {
        "lastModified": 1790933594,
        "narHash": "sha256-DzdBuh7MmHR0xrS47rsEz5irJR6vHOTXYrx6UhvHBuY=",
        "owner": "drazape",
        "repo": "fish-subAbbr",
        "rev": "1a14561b75b4519dc792978f66550c46f1d57d7e",
        "type": "github"
      },
      "original": {
        "owner": "drazape",
        "ref": "alpha",
        "repo": "fish-subAbbr",
        "type": "github"
      }
    },
    "flake-compat": {
      "locked": {
        "lastModified": 1767039857,
        "narHash": "sha256-vNpUSpF5Nuw8xvDLj2KCwwksIbjua2LZCqhV1LNRDns=",
        "owner": "edolstra",
        "repo": "flake-compat",
        "rev": "5edf11c44bc78a0d334f6334cdaf7d60d732daab",
        "type": "github"
      },
      "original": {
        "owner": "edolstra",
        "repo": "flake-compat",
        "type": "github"
      }
    },
    "flake-parts": {
      "inputs": {
        "nixpkgs-lib": "nixpkgs-lib"
      },
      "locked": {
        "lastModified": 1787559586,
        "narHash": "sha256-onL0VLf9vPllmT0H/OlURIU5r5t5WIEl7t4tVNKT0Nw=",
        "owner": "hercules-ci",
        "repo": "flake-parts",
        "rev": "9d0d87172c374f89da73c1cfe6d81ae62feac1f1",
        "type": "github"
      },
      "original": {
        "owner": "hercules-ci",
        "repo": "flake-parts",
        "type": "github"
      }
    },
    "flake-utils": {
      "inputs": {
        "systems": "systems"
      },
      "locked": {
        "lastModified": 1731533236,
        "narHash": "sha256-l0KFg5HjrsfsO/JpG+r7fRrqm12kzFHyUHqHCVpMMbI=",
        "owner": "numtide",
        "repo": "flake-utils",
        "rev": "11707dc2f618dd54ca8739b309ec4fc024de578b",
        "type": "github"
      },
      "original": {
        "owner": "numtide",
        "repo": "flake-utils",
        "type": "github"
      }
    },
    "gnome-improved-media-controls": {
      "flake": false,
      "locked": {
        "lastModified": 1789132713,
        "narHash": "sha256-cvH+FcyfNNUu5fJBnjmn/KNwUtozm5zN1o++Rb5055o=",
        "owner": "m-obeid",
        "repo": "gnome-improved-media-controls",
        "rev": "9a07c8e10efec399bf902c2c9c45ef28f757a8b0",
        "type": "github"
      },
      "original": {
        "owner": "m-obeid",
        "repo": "gnome-improved-media-controls",
        "type": "github"
      }
    },
    "gotohp": {
      "flake": false,
      "locked": {
        "narHash": "sha256-rXiSh9RAm6g1nVgfOrA9EaSG/WTrwq35NH0qoOwlc4A=",
        "type": "file",
        "url": "https://github.com/xob0t/gotohp/releases/latest/download/gotohp_amd64.deb"
      },
      "original": {
        "type": "file",
        "url": "https://github.com/xob0t/gotohp/releases/latest/download/gotohp_amd64.deb"
      }
    },
    "mosaic-wm": {
      "flake": false,
      "locked": {
        "lastModified": 1790879448,
        "narHash": "sha256-fA80qhlHv/wGZzM6dWs/XBWZKaWpH5wh0ddXa8ACPsc=",
        "owner": "CleoMenezesJr",
        "repo": "MosaicWM",
        "rev": "ee8ca886b745d750440d6fcfe72f28105901da6e",
        "type": "github"
      },
      "original": {
        "owner": "CleoMenezesJr",
        "repo": "MosaicWM",
        "type": "github"
      }
    },
    "nixpkgs": {
      "locked": {
        "lastModified": 1790822859,
        "narHash": "sha256-69xHQhAeMAD2wDXO7T2pcOZIF9Sga2W+JkmY2a11Ops=",
        "owner": "NixOS",
        "repo": "nixpkgs",
        "rev": "c59305bab2065cfecc4944690d9eedbb56f3a9fa",
        "type": "github"
      },
      "original": {
        "owner": "NixOS",
        "ref": "nixos-unstable",
        "repo": "nixpkgs",
        "type": "github"
      }
    },
    "nixpkgs-lib": {
      "locked": {
        "lastModified": 1785031560,
        "narHash": "sha256-OmshNvn2vupOFpYinLUu+1Dnpu4n7Q5N3ggGVNHpkUI=",
        "owner": "nix-community",
        "repo": "nixpkgs.lib",
        "rev": "0e79af5e3d4dcfcd676ab5ba3f95d2e3352e078c",
        "type": "github"
      },
      "original": {
        "owner": "nix-community",
        "repo": "nixpkgs.lib",
        "type": "github"
      }
    },
    "omniflake": {
      "inputs": {
        "flake-compat": "flake-compat",
        "flake-parts": "flake-parts",
        "flake-utils": "flake-utils",
        "nixpkgs": [
          "nixpkgs"
        ],
        "systems": "systems_2"
      },
      "locked": {
        "lastModified": 1790864377,
        "narHash": "sha256-ehxMD9OfHhoVlCiHeMcO+BbmXupUOdBRBwYUmkoERv8=",
        "owner": "fzakaria",
        "repo": "omniflake",
        "rev": "e75a1ed9294f5f9d31163bfe1763b6a2ec058bb3",
        "type": "github"
      },
      "original": {
        "owner": "fzakaria",
        "repo": "omniflake",
        "type": "github"
      }
    },
    "root": {
      "inputs": {
        "dryboil": "dryboil",
        "fish-subAbbr": "fish-subAbbr",
        "nixpkgs": "nixpkgs",
        "omniflake": "omniflake"
      }
    },
    "systems": {
      "locked": {
        "lastModified": 1681028828,
        "narHash": "sha256-Vy1rq5AaRuLzOxct8nz4T6wlgyUR7zLU309k9mBC768=",
        "owner": "nix-systems",
        "repo": "default",
        "rev": "da67096a3b9bf56a91d16901293e51ba5b49a27e",
        "type": "github"
      },
      "original": {
        "owner": "nix-systems",
        "repo": "default",
        "type": "github"
      }
    },
    "systems_2": {
      "locked": {
        "lastModified": 1681028828,
        "narHash": "sha256-Vy1rq5AaRuLzOxct8nz4T6wlgyUR7zLU309k9mBC768=",
        "owner": "nix-systems",
        "repo": "default",
        "rev": "da67096a3b9bf56a91d16901293e51ba5b49a27e",
        "type": "github"
      },
      "original": {
        "owner": "nix-systems",
        "repo": "default",
        "type": "github"
      }
    }
  },
  "root": "root",
  "version": 7
}
