{
  "nodes": {
    "bibata-material-cursors-Dark": {
      "flake": false,
      "locked": {
        "lastModified": 1787114969,
        "narHash": "sha256-iVWEzRndGfhvRQEEeCczQZi3KJ+9DYxNpIqn+wEGfSo=",
        "type": "tarball",
        "url": "https://github.com/SakibShahariar/material-bibata-cursor/releases/download/v1.3.0/bibata-material-dark-v1.3.0.tar.gz"
      },
      "original": {
        "type": "tarball",
        "url": "https://github.com/SakibShahariar/material-bibata-cursor/releases/download/v1.3.0/bibata-material-dark-v1.3.0.tar.gz"
      }
    },
    "bibata-material-cursors-Light": {
      "flake": false,
      "locked": {
        "lastModified": 1787114981,
        "narHash": "sha256-9O+xhGFASrpabkKrks/KxbacxHUMT7GDVoSJ4E+m3nw=",
        "type": "tarball",
        "url": "https://github.com/SakibShahariar/material-bibata-cursor/releases/download/v1.3.0/bibata-material-light-v1.3.0.tar.gz"
      },
      "original": {
        "type": "tarball",
        "url": "https://github.com/SakibShahariar/material-bibata-cursor/releases/download/v1.3.0/bibata-material-light-v1.3.0.tar.gz"
      }
    },
    "chromaleon": {
      "flake": false,
      "locked": {
        "lastModified": 1789981315,
        "narHash": "sha256-WwDvbnO9ZGOk8lmZZc3BOqCthdqoQt9mAw0eiEluKcs=",
        "type": "tarball",
        "url": "https://github.com/Fabito02/ChromaLeon/releases/latest/download/user-accent-colors@fabito02.shell-extension.zip"
      },
      "original": {
        "type": "tarball",
        "url": "https://github.com/Fabito02/ChromaLeon/releases/latest/download/user-accent-colors@fabito02.shell-extension.zip"
      }
    },
    "chromaleon-preload": {
      "flake": false,
      "locked": {
        "lastModified": 1788327497,
        "narHash": "sha256-FxFh3d8VYTGoR+H7veAVZjYqPUV2uOch2IfDfCbLFIw=",
        "owner": "Fabito02",
        "repo": "chromaleon-preload",
        "rev": "fb8dc055d3f6932207a704dd75e1bbf1bed7c6e9",
        "type": "github"
      },
      "original": {
        "owner": "Fabito02",
        "repo": "chromaleon-preload",
        "type": "github"
      }
    },
    "dryboil": {
      "inputs": {
        "bibata-material-cursors-Dark": "bibata-material-cursors-Dark",
        "bibata-material-cursors-Light": "bibata-material-cursors-Light",
        "chromaleon": "chromaleon",
        "chromaleon-preload": "chromaleon-preload",
        "fish-format": "fish-format",
        "fish-helpText": "fish-helpText",
        "fish-nixenv": "fish-nixenv",
        "fish-subAbbr": [
          "fish-subAbbr"
        ],
        "flake-parts": [
          "omniflake",
          "flake-parts"
        ],
        "gnome-improved-media-controls": "gnome-improved-media-controls",
        "gotohp": "gotohp",
        "mosaic-wm": "mosaic-wm",
        "nixpkgs": [
          "nixpkgs"
        ]
      },
      "locked": {
        "lastModified": 1790406696,
        "narHash": "sha256-XPuFNzP/nXgxhU5EAp5u8NvqZoTPNTdxigC9PliGGkI=",
        "owner": "drazape",
        "repo": "nix-dryboil",
        "rev": "8cd63370dd3191db60164e65844b15ec27c863b8",
        "type": "github"
      },
      "original": {
        "owner": "drazape",
        "ref": "alpha",
        "repo": "nix-dryboil",
        "type": "github"
      }
    },
    "fish-format": {
      "inputs": {
        "flake-parts": [
          "dryboil",
          "flake-parts"
        ],
        "nixpkgs": [
          "dryboil",
          "nixpkgs"
        ]
      },
      "locked": {
        "lastModified": 1790344561,
        "narHash": "sha256-Ep269TAYhd/S4dNe6w0R/YmyYiQw/Ig2Oo819d/QRHM=",
        "owner": "Drazape",
        "repo": "fish-format",
        "rev": "4f77963561dda5a0a4c89d52cbe70cb259827df7",
        "type": "github"
      },
      "original": {
        "owner": "Drazape",
        "repo": "fish-format",
        "type": "github"
      }
    },
    "fish-helpText": {
      "inputs": {
        "flake-parts": [
          "dryboil",
          "flake-parts"
        ],
        "nixpkgs": [
          "dryboil",
          "nixpkgs"
        ]
      },
      "locked": {
        "lastModified": 1790176583,
        "narHash": "sha256-pRFnsP4C8TtEpsqcdKF1Xd6b2djJjcj+oC/xiBRgVJc=",
        "owner": "Drazape",
        "repo": "fish-helpText",
        "rev": "a3759d1e9fdbfd34b192defbb66b06a8e2129409",
        "type": "github"
      },
      "original": {
        "owner": "Drazape",
        "repo": "fish-helpText",
        "type": "github"
      }
    },
    "fish-helpText_2": {
      "inputs": {
        "flake-parts": [
          "fish-subAbbr",
          "flake-parts"
        ],
        "nixpkgs": [
          "fish-subAbbr",
          "nixpkgs"
        ]
      },
      "locked": {
        "lastModified": 1790176583,
        "narHash": "sha256-pRFnsP4C8TtEpsqcdKF1Xd6b2djJjcj+oC/xiBRgVJc=",
        "owner": "Drazape",
        "repo": "fish-helpText",
        "rev": "a3759d1e9fdbfd34b192defbb66b06a8e2129409",
        "type": "github"
      },
      "original": {
        "owner": "Drazape",
        "repo": "fish-helpText",
        "type": "github"
      }
    },
    "fish-nixenv": {
      "inputs": {
        "flake-parts": [
          "dryboil",
          "flake-parts"
        ],
        "nixpkgs": [
          "dryboil",
          "nixpkgs"
        ]
      },
      "locked": {
        "lastModified": 1790176615,
        "narHash": "sha256-J5LzBOzl42GfxoZKEuWp/W1p8HINTODSjM0FacMN7ro=",
        "owner": "Drazape",
        "repo": "fish-nixenv",
        "rev": "53b4f4149612e1d9d32c6b9d59a84577e32ecd7e",
        "type": "github"
      },
      "original": {
        "owner": "Drazape",
        "repo": "fish-nixenv",
        "type": "github"
      }
    },
    "fish-subAbbr": {
      "inputs": {
        "fish-format": [
          "dryboil",
          "fish-format"
        ],
        "fish-helpText": "fish-helpText_2",
        "flake-parts": [
          "omniflake",
          "flake-parts"
        ],
        "nixpkgs": [
          "nixpkgs"
        ]
      },
      "locked": {
        "lastModified": 1790399515,
        "narHash": "sha256-yfS+9CEJ4k/N73w62zOUm4svURaA/W7Z6+rgU6Q+yOw=",
        "owner": "drazape",
        "repo": "fish-subAbbr",
        "rev": "aeec39021a32c50b71bdac161c6fc5874656e5ba",
        "type": "github"
      },
      "original": {
        "owner": "drazape",
        "ref": "alpha",
        "repo": "fish-subAbbr",
        "type": "github"
      }
    },
    "flake-compat": {
      "locked": {
        "lastModified": 1767039857,
        "narHash": "sha256-vNpUSpF5Nuw8xvDLj2KCwwksIbjua2LZCqhV1LNRDns=",
        "owner": "edolstra",
        "repo": "flake-compat",
        "rev": "5edf11c44bc78a0d334f6334cdaf7d60d732daab",
        "type": "github"
      },
      "original": {
        "owner": "edolstra",
        "repo": "flake-compat",
        "type": "github"
      }
    },
    "flake-parts": {
      "inputs": {
        "nixpkgs-lib": "nixpkgs-lib"
      },
      "locked": {
        "lastModified": 1787559586,
        "narHash": "sha256-onL0VLf9vPllmT0H/OlURIU5r5t5WIEl7t4tVNKT0Nw=",
        "owner": "hercules-ci",
        "repo": "flake-parts",
        "rev": "9d0d87172c374f89da73c1cfe6d81ae62feac1f1",
        "type": "github"
      },
      "original": {
        "owner": "hercules-ci",
        "repo": "flake-parts",
        "type": "github"
      }
    },
    "flake-utils": {
      "inputs": {
        "systems": "systems"
      },
      "locked": {
        "lastModified": 1731533236,
        "narHash": "sha256-l0KFg5HjrsfsO/JpG+r7fRrqm12kzFHyUHqHCVpMMbI=",
        "owner": "numtide",
        "repo": "flake-utils",
        "rev": "11707dc2f618dd54ca8739b309ec4fc024de578b",
        "type": "github"
      },
      "original": {
        "owner": "numtide",
        "repo": "flake-utils",
        "type": "github"
      }
    },
    "gnome-improved-media-controls": {
      "flake": false,
      "locked": {
        "lastModified": 1789132713,
        "narHash": "sha256-cvH+FcyfNNUu5fJBnjmn/KNwUtozm5zN1o++Rb5055o=",
        "owner": "m-obeid",
        "repo": "gnome-improved-media-controls",
        "rev": "9a07c8e10efec399bf902c2c9c45ef28f757a8b0",
        "type": "github"
      },
      "original": {
        "owner": "m-obeid",
        "repo": "gnome-improved-media-controls",
        "type": "github"
      }
    },
    "gotohp": {
      "flake": false,
      "locked": {
        "narHash": "sha256-rXiSh9RAm6g1nVgfOrA9EaSG/WTrwq35NH0qoOwlc4A=",
        "type": "file",
        "url": "https://github.com/xob0t/gotohp/releases/latest/download/gotohp_amd64.deb"
      },
      "original": {
        "type": "file",
        "url": "https://github.com/xob0t/gotohp/releases/latest/download/gotohp_amd64.deb"
      }
    },
    "mosaic-wm": {
      "flake": false,
      "locked": {
        "lastModified": 1790176204,
        "narHash": "sha256-FKxO3SJRdq8tM4Sjkxmm48tuUSFjisDvMcaF/mgBstk=",
        "owner": "CleoMenezesJr",
        "repo": "MosaicWM",
        "rev": "011d98748c38d7c01aed9e907ebfec86cdb8752b",
        "type": "github"
      },
      "original": {
        "owner": "CleoMenezesJr",
        "repo": "MosaicWM",
        "type": "github"
      }
    },
    "nixpkgs": {
      "locked": {
        "lastModified": 1790323409,
        "narHash": "sha256-VVTPf+Hyd5ebpjBMHmrLMSBIeW6ls48Bqtosj7CNKLA=",
        "owner": "NixOS",
        "repo": "nixpkgs",
        "rev": "e94cb152ed51bd6e24eb4a41f1460252beb52cd2",
        "type": "github"
      },
      "original": {
        "owner": "NixOS",
        "ref": "nixos-unstable",
        "repo": "nixpkgs",
        "type": "github"
      }
    },
    "nixpkgs-lib": {
      "locked": {
        "lastModified": 1785031560,
        "narHash": "sha256-OmshNvn2vupOFpYinLUu+1Dnpu4n7Q5N3ggGVNHpkUI=",
        "owner": "nix-community",
        "repo": "nixpkgs.lib",
        "rev": "0e79af5e3d4dcfcd676ab5ba3f95d2e3352e078c",
        "type": "github"
      },
      "original": {
        "owner": "nix-community",
        "repo": "nixpkgs.lib",
        "type": "github"
      }
    },
    "omniflake": {
      "inputs": {
        "flake-compat": "flake-compat",
        "flake-parts": "flake-parts",
        "flake-utils": "flake-utils",
        "nixpkgs": [
          "nixpkgs"
        ],
        "systems": "systems_2"
      },
      "locked": {
        "lastModified": 1790340245,
        "narHash": "sha256-V3gQYgL9ha7hNKcuQXRa98cr2JIhqhFYulbVE5V3sCA=",
        "owner": "fzakaria",
        "repo": "omniflake",
        "rev": "87643504262854f7efa6a56d58df780fff5a01a2",
        "type": "github"
      },
      "original": {
        "owner": "fzakaria",
        "repo": "omniflake",
        "type": "github"
      }
    },
    "root": {
      "inputs": {
        "dryboil": "dryboil",
        "fish-subAbbr": "fish-subAbbr",
        "nixpkgs": "nixpkgs",
        "omniflake": "omniflake"
      }
    },
    "systems": {
      "locked": {
        "lastModified": 1681028828,
        "narHash": "sha256-Vy1rq5AaRuLzOxct8nz4T6wlgyUR7zLU309k9mBC768=",
        "owner": "nix-systems",
        "repo": "default",
        "rev": "da67096a3b9bf56a91d16901293e51ba5b49a27e",
        "type": "github"
      },
      "original": {
        "owner": "nix-systems",
        "repo": "default",
        "type": "github"
      }
    },
    "systems_2": {
      "locked": {
        "lastModified": 1681028828,
        "narHash": "sha256-Vy1rq5AaRuLzOxct8nz4T6wlgyUR7zLU309k9mBC768=",
        "owner": "nix-systems",
        "repo": "default",
        "rev": "da67096a3b9bf56a91d16901293e51ba5b49a27e",
        "type": "github"
      },
      "original": {
        "owner": "nix-systems",
        "repo": "default",
        "type": "github"
      }
    }
  },
  "root": "root",
  "version": 7
}
