{
  "nodes": {
    "bibata-material-cursors-Dark": {
      "flake": false,
      "locked": {
        "lastModified": 1787114969,
        "narHash": "sha256-iVWEzRndGfhvRQEEeCczQZi3KJ+9DYxNpIqn+wEGfSo=",
        "type": "tarball",
        "url": "https://github.com/SakibShahariar/material-bibata-cursor/releases/download/v1.3.0/bibata-material-dark-v1.3.0.tar.gz"
      },
      "original": {
        "type": "tarball",
        "url": "https://github.com/SakibShahariar/material-bibata-cursor/releases/download/v1.3.0/bibata-material-dark-v1.3.0.tar.gz"
      }
    },
    "bibata-material-cursors-Light": {
      "flake": false,
      "locked": {
        "lastModified": 1787114981,
        "narHash": "sha256-9O+xhGFASrpabkKrks/KxbacxHUMT7GDVoSJ4E+m3nw=",
        "type": "tarball",
        "url": "https://github.com/SakibShahariar/material-bibata-cursor/releases/download/v1.3.0/bibata-material-light-v1.3.0.tar.gz"
      },
      "original": {
        "type": "tarball",
        "url": "https://github.com/SakibShahariar/material-bibata-cursor/releases/download/v1.3.0/bibata-material-light-v1.3.0.tar.gz"
      }
    },
    "chromaleon": {
      "flake": false,
      "locked": {
        "lastModified": 1791399489,
        "narHash": "sha256-/1gIJ+yxbWM4Tv8GAWs7ovtY7x/miex7qNzpBZUZ+nU=",
        "type": "tarball",
        "url": "https://github.com/Fabito02/ChromaLeon/releases/latest/download/user-accent-colors@fabito02.shell-extension.zip"
      },
      "original": {
        "type": "tarball",
        "url": "https://github.com/Fabito02/ChromaLeon/releases/latest/download/user-accent-colors@fabito02.shell-extension.zip"
      }
    },
    "chromaleon-preload": {
      "flake": false,
      "locked": {
        "lastModified": 1791400449,
        "narHash": "sha256-1gHt1xyf0G48Xj96t0J+ieaD9ZdXVNOMQrZnRLjmqC8=",
        "owner": "Fabito02",
        "repo": "chromaleon-preload",
        "rev": "f4a6e63970ef0092d48b66ccc2f5722d017fa0ac",
        "type": "github"
      },
      "original": {
        "owner": "Fabito02",
        "repo": "chromaleon-preload",
        "type": "github"
      }
    },
    "dryboil": {
      "inputs": {
        "bibata-material-cursors-Dark": "bibata-material-cursors-Dark",
        "bibata-material-cursors-Light": "bibata-material-cursors-Light",
        "chromaleon": "chromaleon",
        "chromaleon-preload": "chromaleon-preload",
        "fish-format": "fish-format",
        "fish-helpText": "fish-helpText",
        "fish-nixenv": "fish-nixenv",
        "fish-subAbbr": [
          "fish-subAbbr"
        ],
        "flake-parts": [
          "omniflake",
          "flake-parts"
        ],
        "gnome-improved-media-controls": "gnome-improved-media-controls",
        "gotohp": "gotohp",
        "mosaic-wm": "mosaic-wm",
        "nixpkgs": [
          "nixpkgs"
        ]
      },
      "locked": {
        "lastModified": 1791536140,
        "narHash": "sha256-Q5UWL3rrIn7SBU8Knrrf3pwrEp2kt7LBvkpYhV5Bkj4=",
        "owner": "drazape",
        "repo": "nix-dryboil",
        "rev": "6084f294998f108a4dcc5cf8b0ad0ef8f56cadd1",
        "type": "github"
      },
      "original": {
        "owner": "drazape",
        "ref": "alpha",
        "repo": "nix-dryboil",
        "type": "github"
      }
    },
    "fish-format": {
      "inputs": {
        "flake-parts": [
          "dryboil",
          "flake-parts"
        ],
        "nixpkgs": [
          "dryboil",
          "nixpkgs"
        ]
      },
      "locked": {
        "lastModified": 1791038838,
        "narHash": "sha256-KSG1Oq5Bu7G9o+Cz0UHpAgp0F3V4hm0IkDHL5qFFcNk=",
        "owner": "Drazape",
        "repo": "fish-format",
        "rev": "21d2bf580024a3f36820d7845d466e2289fc64b9",
        "type": "github"
      },
      "original": {
        "owner": "Drazape",
        "repo": "fish-format",
        "type": "github"
      }
    },
    "fish-helpText": {
      "inputs": {
        "flake-parts": [
          "dryboil",
          "flake-parts"
        ],
        "nixpkgs": [
          "dryboil",
          "nixpkgs"
        ]
      },
      "locked": {
        "lastModified": 1791039630,
        "narHash": "sha256-c0t4WOBCUOps87Sdedav86VE7j24SVZjT6me5HdkA94=",
        "owner": "Drazape",
        "repo": "fish-helpText",
        "rev": "5799285be7d01a123e2d9beeb940ef7ea697d889",
        "type": "github"
      },
      "original": {
        "owner": "Drazape",
        "repo": "fish-helpText",
        "type": "github"
      }
    },
    "fish-helpText_2": {
      "inputs": {
        "flake-parts": [
          "fish-subAbbr",
          "flake-parts"
        ],
        "nixpkgs": [
          "fish-subAbbr",
          "nixpkgs"
        ]
      },
      "locked": {
        "lastModified": 1791039630,
        "narHash": "sha256-c0t4WOBCUOps87Sdedav86VE7j24SVZjT6me5HdkA94=",
        "owner": "Drazape",
        "repo": "fish-helpText",
        "rev": "5799285be7d01a123e2d9beeb940ef7ea697d889",
        "type": "github"
      },
      "original": {
        "owner": "Drazape",
        "repo": "fish-helpText",
        "type": "github"
      }
    },
    "fish-nixenv": {
      "inputs": {
        "flake-parts": [
          "dryboil",
          "flake-parts"
        ],
        "nixpkgs": [
          "dryboil",
          "nixpkgs"
        ]
      },
      "locked": {
        "lastModified": 1790950821,
        "narHash": "sha256-iNmyf/5Aszb2gmPdR1bqG3g5w8ZOFyDHjfi0Yeff7ks=",
        "owner": "Drazape",
        "repo": "fish-nixenv",
        "rev": "2321d4e59c0eb6341579c494e3cc3feb9961c96f",
        "type": "github"
      },
      "original": {
        "owner": "Drazape",
        "repo": "fish-nixenv",
        "type": "github"
      }
    },
    "fish-subAbbr": {
      "inputs": {
        "fish-format": [
          "dryboil",
          "fish-format"
        ],
        "fish-helpText": "fish-helpText_2",
        "flake-parts": [
          "omniflake",
          "flake-parts"
        ],
        "nixpkgs": [
          "nixpkgs"
        ]
      },
      "locked": {
        "lastModified": 1791539214,
        "narHash": "sha256-vs+aF/3tp6HR6UeQS8ul/iEmZiWQZDAuqHaVMpj7R1A=",
        "owner": "drazape",
        "repo": "fish-subAbbr",
        "rev": "65780df06de084d0bd9a66d1827894ad7e1abfee",
        "type": "github"
      },
      "original": {
        "owner": "drazape",
        "ref": "alpha",
        "repo": "fish-subAbbr",
        "type": "github"
      }
    },
    "flake-compat": {
      "locked": {
        "lastModified": 1767039857,
        "narHash": "sha256-vNpUSpF5Nuw8xvDLj2KCwwksIbjua2LZCqhV1LNRDns=",
        "owner": "edolstra",
        "repo": "flake-compat",
        "rev": "5edf11c44bc78a0d334f6334cdaf7d60d732daab",
        "type": "github"
      },
      "original": {
        "owner": "edolstra",
        "repo": "flake-compat",
        "type": "github"
      }
    },
    "flake-parts": {
      "inputs": {
        "nixpkgs-lib": "nixpkgs-lib"
      },
      "locked": {
        "lastModified": 1787559586,
        "narHash": "sha256-onL0VLf9vPllmT0H/OlURIU5r5t5WIEl7t4tVNKT0Nw=",
        "owner": "hercules-ci",
        "repo": "flake-parts",
        "rev": "9d0d87172c374f89da73c1cfe6d81ae62feac1f1",
        "type": "github"
      },
      "original": {
        "owner": "hercules-ci",
        "repo": "flake-parts",
        "type": "github"
      }
    },
    "flake-utils": {
      "inputs": {
        "systems": "systems"
      },
      "locked": {
        "lastModified": 1731533236,
        "narHash": "sha256-l0KFg5HjrsfsO/JpG+r7fRrqm12kzFHyUHqHCVpMMbI=",
        "owner": "numtide",
        "repo": "flake-utils",
        "rev": "11707dc2f618dd54ca8739b309ec4fc024de578b",
        "type": "github"
      },
      "original": {
        "owner": "numtide",
        "repo": "flake-utils",
        "type": "github"
      }
    },
    "gnome-improved-media-controls": {
      "flake": false,
      "locked": {
        "lastModified": 1789132713,
        "narHash": "sha256-cvH+FcyfNNUu5fJBnjmn/KNwUtozm5zN1o++Rb5055o=",
        "owner": "m-obeid",
        "repo": "gnome-improved-media-controls",
        "rev": "9a07c8e10efec399bf902c2c9c45ef28f757a8b0",
        "type": "github"
      },
      "original": {
        "owner": "m-obeid",
        "repo": "gnome-improved-media-controls",
        "type": "github"
      }
    },
    "gotohp": {
      "flake": false,
      "locked": {
        "narHash": "sha256-rXiSh9RAm6g1nVgfOrA9EaSG/WTrwq35NH0qoOwlc4A=",
        "type": "file",
        "url": "https://github.com/xob0t/gotohp/releases/latest/download/gotohp_amd64.deb"
      },
      "original": {
        "type": "file",
        "url": "https://github.com/xob0t/gotohp/releases/latest/download/gotohp_amd64.deb"
      }
    },
    "mosaic-wm": {
      "flake": false,
      "locked": {
        "lastModified": 1791078518,
        "narHash": "sha256-s/VXLHad/cFaBUW4D/luVxfynSg2I0RWGPVNhOXAjzc=",
        "owner": "CleoMenezesJr",
        "repo": "MosaicWM",
        "rev": "a508c6ad93165eecb0bde6153188001a4754fffb",
        "type": "github"
      },
      "original": {
        "owner": "CleoMenezesJr",
        "repo": "MosaicWM",
        "type": "github"
      }
    },
    "nixpkgs": {
      "locked": {
        "lastModified": 1791456040,
        "narHash": "sha256-H83yz/do+hjOO0uujHyH8RgtIQP2v7Mw+cLwcZK/xKc=",
        "owner": "NixOS",
        "repo": "nixpkgs",
        "rev": "e7439b6b14ad3cc35d05608ebca9bce01a25f5f8",
        "type": "github"
      },
      "original": {
        "owner": "NixOS",
        "ref": "nixos-unstable",
        "repo": "nixpkgs",
        "type": "github"
      }
    },
    "nixpkgs-lib": {
      "locked": {
        "lastModified": 1785031560,
        "narHash": "sha256-OmshNvn2vupOFpYinLUu+1Dnpu4n7Q5N3ggGVNHpkUI=",
        "owner": "nix-community",
        "repo": "nixpkgs.lib",
        "rev": "0e79af5e3d4dcfcd676ab5ba3f95d2e3352e078c",
        "type": "github"
      },
      "original": {
        "owner": "nix-community",
        "repo": "nixpkgs.lib",
        "type": "github"
      }
    },
    "omniflake": {
      "inputs": {
        "flake-compat": "flake-compat",
        "flake-parts": "flake-parts",
        "flake-utils": "flake-utils",
        "nixpkgs": [
          "nixpkgs"
        ],
        "systems": "systems_2"
      },
      "locked": {
        "lastModified": 1791555385,
        "narHash": "sha256-q3RirSIt3yb0oJkRHSxVleVNBKwX/2KKa/fcTmD4BN8=",
        "owner": "fzakaria",
        "repo": "omniflake",
        "rev": "0df32730d11da56e6f121b4bc68c41249fc2ba5e",
        "type": "github"
      },
      "original": {
        "owner": "fzakaria",
        "repo": "omniflake",
        "type": "github"
      }
    },
    "root": {
      "inputs": {
        "dryboil": "dryboil",
        "fish-subAbbr": "fish-subAbbr",
        "nixpkgs": "nixpkgs",
        "omniflake": "omniflake"
      }
    },
    "systems": {
      "locked": {
        "lastModified": 1681028828,
        "narHash": "sha256-Vy1rq5AaRuLzOxct8nz4T6wlgyUR7zLU309k9mBC768=",
        "owner": "nix-systems",
        "repo": "default",
        "rev": "da67096a3b9bf56a91d16901293e51ba5b49a27e",
        "type": "github"
      },
      "original": {
        "owner": "nix-systems",
        "repo": "default",
        "type": "github"
      }
    },
    "systems_2": {
      "locked": {
        "lastModified": 1681028828,
        "narHash": "sha256-Vy1rq5AaRuLzOxct8nz4T6wlgyUR7zLU309k9mBC768=",
        "owner": "nix-systems",
        "repo": "default",
        "rev": "da67096a3b9bf56a91d16901293e51ba5b49a27e",
        "type": "github"
      },
      "original": {
        "owner": "nix-systems",
        "repo": "default",
        "type": "github"
      }
    }
  },
  "root": "root",
  "version": 7
}
